
Microsoft Visual Studio Solution File, Format Version 12.00
# Visual Studio 15
VisualStudioVersion = 15.0.28010.2050
MinimumVisualStudioVersion = 10.0.40219.1
Project("{FAE04EC0-301F-11D3-BF4B-00C04F79EFBC}") = "ATM", "ATM\ATM.csproj", "{2620215D-5262-4819-B64B-64813C10A528}"
EndProject
Global
	GlobalSection(SolutionConfigurationPlatforms) = preSolution
		Debug|Any CPU = Debug|Any CPU
		Release|Any CPU = Release|Any CPU
	EndGlobalSection
	GlobalSection(ProjectConfigurationPlatforms) = postSolution
		{2620215D-5262-4819-B64B-64813C10A528}.Debug|Any CPU.ActiveCfg = Debug|Any CPU
		{2620215D-5262-4819-B64B-64813C10A528}.Debug|Any CPU.Build.0 = Debug|Any CPU
		{2620215D-5262-4819-B64B-64813C10A528}.Release|Any CPU.ActiveCfg = Release|Any CPU
		{2620215D-5262-4819-B64B-64813C10A528}.Release|Any CPU.Build.0 = Release|Any CPU
	EndGlobalSection
	GlobalSection(SolutionProperties) = preSolution
		HideSolutionNode = FALSE
	EndGlobalSection
	GlobalSection(ExtensibilityGlobals) = postSolution
		SolutionGuid = {287A1C31-BD15-4C9D-A865-2D16F9CDB6AF}
	EndGlobalSection
EndGlobal
